
Microsoft Visual Studio Solution File, Format Version 12.00
# Visual Studio 2012
Project("{FAE04EC0-301F-11D3-BF4B-00C04F79EFBC}") = "Chapter1", "Chapter1\Chapter1.csproj", "{0C75CB25-37B6-4F86-A334-497A413035DC}"
EndProject
Global
	GlobalSection(SolutionConfigurationPlatforms) = preSolution
		Debug|Any CPU = Debug|Any CPU
		Release|Any CPU = Release|Any CPU
	EndGlobalSection
	GlobalSection(ProjectConfigurationPlatforms) = postSolution
		{0C75CB25-37B6-4F86-A334-497A413035DC}.Debug|Any CPU.ActiveCfg = Debug|Any CPU
		{0C75CB25-37B6-4F86-A334-497A413035DC}.Debug|Any CPU.Build.0 = Debug|Any CPU
		{0C75CB25-37B6-4F86-A334-497A413035DC}.Release|Any CPU.ActiveCfg = Release|Any CPU
		{0C75CB25-37B6-4F86-A334-497A413035DC}.Release|Any CPU.Build.0 = Release|Any CPU
	EndGlobalSection
	GlobalSection(SolutionProperties) = preSolution
		HideSolutionNode = FALSE
	EndGlobalSection
EndGlobal
